// !$*UTF8*$!
{
	archiveVersion = 1;
	classes = {
	};
	objectVersion = 77;
	objects = {

/* Begin PBXBuildFile section */
		03C6AA7041574C2C9FF1916D /* GalleryModels.swift in Sources */ = {isa = PBXBuildFile; fileRef = 3BF4E97B303D4D8FB1DC4785 /* GalleryModels.swift */; };
		3292ECE475AE44A4996C6122 /* LANImageUploader/Services/PDFGenerationServiceProtocol.swift in Sources */ = {isa = PBXBuildFile; fileRef = 0C025A1826F64444B44CD995 /* LANImageUploader/Services/PDFGenerationServiceProtocol.swift */; };
		3D654402CB464B2380CC254F /* GalleryItemView.swift in Sources */ = {isa = PBXBuildFile; fileRef = 62ACD5EB1C1841048A880FBE /* GalleryItemView.swift */; };
		3DB36FFA2D98046E003D8E4A /* Assets.xcassets in Resources */ = {isa = PBXBuildFile; fileRef = 3DB36FE32D98046E003D8E4A /* Assets.xcassets */; };
		3DB36FFB2D98046E003D8E4A /* Preview Assets.xcassets in Resources */ = {isa = PBXBuildFile; fileRef = 3DB36FDE2D98046E003D8E4A /* Preview Assets.xcassets */; };
		3DB36FFC2D98046E003D8E4A /* HomeView.swift in Sources */ = {isa = PBXBuildFile; fileRef = 3DB36FEC2D98046E003D8E4A /* HomeView.swift */; };
		3DB36FFD2D98046E003D8E4A /* CameraPicker.swift in Sources */ = {isa = PBXBuildFile; fileRef = 3DB36FE52D98046E003D8E4A /* CameraPicker.swift */; };
		3DB36FFE2D98046E003D8E4A /* AppBackground.swift in Sources */ = {isa = PBXBuildFile; fileRef = 3DB36FE02D98046E003D8E4A /* AppBackground.swift */; };
		3DB36FFF2D98046E003D8E4A /* GalleryView.swift in Sources */ = {isa = PBXBuildFile; fileRef = 3DB36FEA2D98046E003D8E4A /* GalleryView.swift */; };
		3DB370002D98046E003D8E4A /* ButtonStyles.swift in Sources */ = {isa = PBXBuildFile; fileRef = 3DB36FE42D98046E003D8E4A /* ButtonStyles.swift */; };
		3DB370012D98046E003D8E4A /* GalleryBottomActionView.swift in Sources */ = {isa = PBXBuildFile; fileRef = 3DB36FE82D98046E003D8E4A /* GalleryBottomActionView.swift */; };
		3DB370022D98046E003D8E4A /* AppData.swift in Sources */ = {isa = PBXBuildFile; fileRef = 3DB36FE12D98046E003D8E4A /* AppData.swift */; };
		3DB370022D98046E003D8E4B /* HapticFeedbackService.swift in Sources */ = {isa = PBXBuildFile; fileRef = 3DB36FE12D98046E003D8E4B /* HapticFeedbackService.swift */; };
		3DB370022D98046E003D8E4C /* MultiSelectToolbarView.swift in Sources */ = {isa = PBXBuildFile; fileRef = 3DB36FE12D98046E003D8E4C /* MultiSelectToolbarView.swift */; };
		3DB370032D98046E003D8E4A /* OnboardingView.swift in Sources */ = {isa = PBXBuildFile; fileRef = 3DB36FF42D98046E003D8E4A /* OnboardingView.swift */; };
		3DB370042D98046E003D8E4A /* CameraView.swift in Sources */ = {isa = PBXBuildFile; fileRef = 3DB36FE62D98046E003D8E4A /* CameraView.swift */; };
		3DB370052D98046E003D8E4A /* NetworkDiscovery.swift in Sources */ = {isa = PBXBuildFile; fileRef = 3DB36FF22D98046E003D8E4A /* NetworkDiscovery.swift */; };
		3DB370062D98046E003D8E4A /* ArchiveView.swift in Sources */ = {isa = PBXBuildFile; fileRef = 3DB36FE22D98046E003D8E4A /* ArchiveView.swift */; };
		3DB370072D98046E003D8E4A /* GalleryToolbarView.swift in Sources */ = {isa = PBXBuildFile; fileRef = 3DB36FE92D98046E003D8E4A /* GalleryToolbarView.swift */; };
		3DB370082D98046E003D8E4A /* LaunchScreenView.swift in Sources */ = {isa = PBXBuildFile; fileRef = 3DB36FF02D98046E003D8E4A /* LaunchScreenView.swift */; };
		3DB370092D98046E003D8E4A /* FullscreenImageView.swift in Sources */ = {isa = PBXBuildFile; fileRef = 3DB36FE72D98046E003D8E4A /* FullscreenImageView.swift */; };
		3DB3700A2D98046E003D8E4A /* LANImageUploaderApp.swift in Sources */ = {isa = PBXBuildFile; fileRef = 3DB36FEF2D98046E003D8E4A /* LANImageUploaderApp.swift */; };
		3DB3700B2D98046E003D8E4A /* HelpGuideView.swift in Sources */ = {isa = PBXBuildFile; fileRef = 3DB36FEB2D98046E003D8E4A /* HelpGuideView.swift */; };
		3DB3700C2D98046E003D8E4A /* Utilities.swift in Sources */ = {isa = PBXBuildFile; fileRef = 3DB36FF72D98046E003D8E4A /* Utilities.swift */; };
		3DB3700D2D98046E003D8E4A /* UploadView.swift in Sources */ = {isa = PBXBuildFile; fileRef = 3DB36FF62D98046E003D8E4A /* UploadView.swift */; };
		3DB3700E2D98046E003D8E4A /* NamingSheet.swift in Sources */ = {isa = PBXBuildFile; fileRef = 3DB36FF12D98046E003D8E4A /* NamingSheet.swift */; };
		3DB3700F2D98046E003D8E4A /* OCRValidator.swift in Sources */ = {isa = PBXBuildFile; fileRef = 3DB3700F2D98046E003D8E4B /* OCRValidator.swift */; };
		3DB3700F2D98046E003D8E4C /* NetworkMonitor.swift in Sources */ = {isa = PBXBuildFile; fileRef = 3DB36FF32D98046E003D8E4A /* NetworkMonitor.swift */; };
		3DB370112D98046E003D8E4A /* SettingsView.swift in Sources */ = {isa = PBXBuildFile; fileRef = 3DB36FF52D98046E003D8E4A /* SettingsView.swift */; };
		3DB370142D98048A003D8E4A /* LANImageUploaderTests.swift in Sources */ = {isa = PBXBuildFile; fileRef = 3DB370122D98048A003D8E4A /* LANImageUploaderTests.swift */; };
		3DB370182D980499003D8E4A /* LANImageUploaderUITestsLaunchTests.swift in Sources */ = {isa = PBXBuildFile; fileRef = 3DB370162D980499003D8E4A /* LANImageUploaderUITestsLaunchTests.swift */; };
		3DB370192D980499003D8E4A /* LANImageUploaderUITests.swift in Sources */ = {isa = PBXBuildFile; fileRef = 3DB370152D980499003D8E4A /* LANImageUploaderUITests.swift */; };
		5EA1443F24F74F18AE377E9E /* UploadModels.swift in Sources */ = {isa = PBXBuildFile; fileRef = D2988FBC6891402F823C8784 /* UploadModels.swift */; };
		742A76C73015240500B3D66F /* PrivacyInfo.xcprivacy in Resources */ = {isa = PBXBuildFile; fileRef = 742A76C63015240500B3D66F /* PrivacyInfo.xcprivacy */; };
		8E0F16112D6B5F2700843EEC /* AMSMB2 in Frameworks */ = {isa = PBXBuildFile; productRef = 8E0F16102D6B5F2700843EEC /* AMSMB2 */; settings = {ATTRIBUTES = (Required, ); }; };
		8E0F16122D6B5F5200843EEC /* AMSMB2 in Embed Frameworks */ = {isa = PBXBuildFile; productRef = 8E0F16102D6B5F2700843EEC /* AMSMB2 */; settings = {ATTRIBUTES = (CodeSignOnCopy, ); }; };
		8E4693D02D6FAA9200C537C9 /* VisionKit.framework in Frameworks */ = {isa = PBXBuildFile; fileRef = 8E4693CF2D6FAA9200C537C9 /* VisionKit.framework */; };
		8E4693D22D6FAA9F00C537C9 /* Vision.framework in Frameworks */ = {isa = PBXBuildFile; fileRef = 8E4693D12D6FAA9F00C537C9 /* Vision.framework */; };
		A1F11E5F2D68B563001D57FD /* FileService.swift in Sources */ = {isa = PBXBuildFile; fileRef = A1F11E5E2D68B563001D57FD /* FileService.swift */; };
		A1F11E612D68B563001D57FD /* ImageUploadService.swift in Sources */ = {isa = PBXBuildFile; fileRef = A1F11E602D68B563001D57FD /* ImageUploadService.swift */; };
		A1F11E652D68B563001D57FD /* Services/FileServiceProtocol.swift in Sources */ = {isa = PBXBuildFile; fileRef = A1F11E622D68B563001D57FD /* Services/FileServiceProtocol.swift */; };
		A1F11E662D68B563001D57FD /* Services/ImageUploadServiceProtocol.swift in Sources */ = {isa = PBXBuildFile; fileRef = A1F11E632D68B563001D57FD /* Services/ImageUploadServiceProtocol.swift */; };
		A1F11E672D68B563001D57FD /* Services/NetworkDiscoveryProtocol.swift in Sources */ = {isa = PBXBuildFile; fileRef = A1F11E642D68B563001D57FD /* Services/NetworkDiscoveryProtocol.swift */; };
		A1F11E692D68B563001D57FD /* Constants.swift in Sources */ = {isa = PBXBuildFile; fileRef = A1F11E682D68B563001D57FD /* Constants.swift */; };
		A1F11E6B2D68B563001D57FD /* Services/FileActor.swift in Sources */ = {isa = PBXBuildFile; fileRef = A1F11E6A2D68B563001D57FD /* Services/FileActor.swift */; };
		A1F11E6F2D68B563001D57FD /* Mocks/MockFileService.swift in Sources */ = {isa = PBXBuildFile; fileRef = A1F11E6C2D68B563001D57FD /* Mocks/MockFileService.swift */; };
		A1F11E702D68B563001D57FD /* Mocks/MockImageUploadService.swift in Sources */ = {isa = PBXBuildFile; fileRef = A1F11E6D2D68B563001D57FD /* Mocks/MockImageUploadService.swift */; };
		A1F11E712D68B563001D57FD /* Mocks/MockNetworkDiscovery.swift in Sources */ = {isa = PBXBuildFile; fileRef = A1F11E6E2D68B563001D57FD /* Mocks/MockNetworkDiscovery.swift */; };
		A1F11E722D68B563001D57FD /* PremiumAccess.swift in Sources */ = {isa = PBXBuildFile; fileRef = A1F11E752D68B563001D57FD /* PremiumAccess.swift */; };
		A1F11E732D68B563001D57FD /* StoreKitPurchaseManager.swift in Sources */ = {isa = PBXBuildFile; fileRef = A1F11E762D68B563001D57FD /* StoreKitPurchaseManager.swift */; };
		A1F11E742D68B563001D57FD /* FullAppUnlockView.swift in Sources */ = {isa = PBXBuildFile; fileRef = A1F11E772D68B563001D57FD /* FullAppUnlockView.swift */; };
		A1F11E782D68B563001D57FD /* LANImageUploaderTests/Mocks/MockHapticFeedbackService.swift in Sources */ = {isa = PBXBuildFile; fileRef = A1F11E792D68B563001D57FD /* LANImageUploaderTests/Mocks/MockHapticFeedbackService.swift */; };
		D84A039256B548319427DEA1 /* RetakeReviewSheet.swift in Sources */ = {isa = PBXBuildFile; fileRef = 3756349C4CC9493AB85FAAEC /* RetakeReviewSheet.swift */; };
		FB48E70D3A754C519AC58099 /* LANImageUploader/Services/PDFGenerationService.swift in Sources */ = {isa = PBXBuildFile; fileRef = B9774F2F1B2748D3965BA4CC /* LANImageUploader/Services/PDFGenerationService.swift */; };
/* End PBXBuildFile section */

/* Begin PBXContainerItemProxy section */
		8EC4E84D2D68B564001D57FD /* PBXContainerItemProxy */ = {
			isa = PBXContainerItemProxy;
			containerPortal = 8EC4E8342D68B563001D57FD /* Project object */;
			proxyType = 1;
			remoteGlobalIDString = 8EC4E83B2D68B563001D57FD;
			remoteInfo = LANImageUploader;
		};
		8EC4E8572D68B564001D57FD /* PBXContainerItemProxy */ = {
			isa = PBXContainerItemProxy;
			containerPortal = 8EC4E8342D68B563001D57FD /* Project object */;
			proxyType = 1;
			remoteGlobalIDString = 8EC4E83B2D68B563001D57FD;
			remoteInfo = LANImageUploader;
		};
/* End PBXContainerItemProxy section */

/* Begin PBXCopyFilesBuildPhase section */
		8E0F16132D6B5F5200843EEC /* Embed Frameworks */ = {
			isa = PBXCopyFilesBuildPhase;
			buildActionMask = 2147483647;
			dstPath = "";
			dstSubfolderSpec = 10;
			files = (
				8E0F16122D6B5F5200843EEC /* AMSMB2 in Embed Frameworks */,
			);
			name = "Embed Frameworks";
			runOnlyForDeploymentPostprocessing = 0;
		};
/* End PBXCopyFilesBuildPhase section */

/* Begin PBXFileReference section */
		0C025A1826F64444B44CD995 /* LANImageUploader/Services/PDFGenerationServiceProtocol.swift */ = {isa = PBXFileReference; lastKnownFileType = sourcecode.swift; path = LANImageUploader/Services/PDFGenerationServiceProtocol.swift; sourceTree = SOURCE_ROOT; };
		3756349C4CC9493AB85FAAEC /* RetakeReviewSheet.swift */ = {isa = PBXFileReference; lastKnownFileType = sourcecode.swift; path = RetakeReviewSheet.swift; sourceTree = "<group>"; };
		3BF4E97B303D4D8FB1DC4785 /* GalleryModels.swift */ = {isa = PBXFileReference; lastKnownFileType = sourcecode.swift; path = GalleryModels.swift; sourceTree = "<group>"; };
		3DB36FDE2D98046E003D8E4A /* Preview Assets.xcassets */ = {isa = PBXFileReference; lastKnownFileType = folder.assetcatalog; path = "Preview Assets.xcassets"; sourceTree = "<group>"; };
		3DB36FE02D98046E003D8E4A /* AppBackground.swift */ = {isa = PBXFileReference; lastKnownFileType = sourcecode.swift; path = AppBackground.swift; sourceTree = "<group>"; };
		3DB36FE12D98046E003D8E4A /* AppData.swift */ = {isa = PBXFileReference; lastKnownFileType = sourcecode.swift; path = AppData.swift; sourceTree = "<group>"; };
		3DB36FE12D98046E003D8E4B /* HapticFeedbackService.swift */ = {isa = PBXFileReference; lastKnownFileType = sourcecode.swift; path = HapticFeedbackService.swift; sourceTree = "<group>"; };
		3DB36FE12D98046E003D8E4C /* MultiSelectToolbarView.swift */ = {isa = PBXFileReference; lastKnownFileType = sourcecode.swift; path = MultiSelectToolbarView.swift; sourceTree = "<group>"; };
		3DB36FE22D98046E003D8E4A /* ArchiveView.swift */ = {isa = PBXFileReference; lastKnownFileType = sourcecode.swift; path = ArchiveView.swift; sourceTree = "<group>"; };
		3DB36FE32D98046E003D8E4A /* Assets.xcassets */ = {isa = PBXFileReference; lastKnownFileType = folder.assetcatalog; path = Assets.xcassets; sourceTree = "<group>"; };
		3DB36FE42D98046E003D8E4A /* ButtonStyles.swift */ = {isa = PBXFileReference; lastKnownFileType = sourcecode.swift; path = ButtonStyles.swift; sourceTree = "<group>"; };
		3DB36FE52D98046E003D8E4A /* CameraPicker.swift */ = {isa = PBXFileReference; lastKnownFileType = sourcecode.swift; path = CameraPicker.swift; sourceTree = "<group>"; };
		3DB36FE62D98046E003D8E4A /* CameraView.swift */ = {isa = PBXFileReference; lastKnownFileType = sourcecode.swift; path = CameraView.swift; sourceTree = "<group>"; };
		3DB36FE72D98046E003D8E4A /* FullscreenImageView.swift */ = {isa = PBXFileReference; lastKnownFileType = sourcecode.swift; path = FullscreenImageView.swift; sourceTree = "<group>"; };
		3DB36FE82D98046E003D8E4A /* GalleryBottomActionView.swift */ = {isa = PBXFileReference; lastKnownFileType = sourcecode.swift; path = GalleryBottomActionView.swift; sourceTree = "<group>"; };
		3DB36FE92D98046E003D8E4A /* GalleryToolbarView.swift */ = {isa = PBXFileReference; lastKnownFileType = sourcecode.swift; path = GalleryToolbarView.swift; sourceTree = "<group>"; };
		3DB36FEA2D98046E003D8E4A /* GalleryView.swift */ = {isa = PBXFileReference; lastKnownFileType = sourcecode.swift; path = GalleryView.swift; sourceTree = "<group>"; };
		3DB36FEB2D98046E003D8E4A /* HelpGuideView.swift */ = {isa = PBXFileReference; lastKnownFileType = sourcecode.swift; path = HelpGuideView.swift; sourceTree = "<group>"; };
		3DB36FEC2D98046E003D8E4A /* HomeView.swift */ = {isa = PBXFileReference; lastKnownFileType = sourcecode.swift; path = HomeView.swift; sourceTree = "<group>"; };
		3DB36FEE2D98046E003D8E4A /* Info.plist */ = {isa = PBXFileReference; lastKnownFileType = text.plist.xml; path = Info.plist; sourceTree = "<group>"; };
		3DB36FEF2D98046E003D8E4A /* LANImageUploaderApp.swift */ = {isa = PBXFileReference; lastKnownFileType = sourcecode.swift; path = LANImageUploaderApp.swift; sourceTree = "<group>"; };
		3DB36FF02D98046E003D8E4A /* LaunchScreenView.swift */ = {isa = PBXFileReference; lastKnownFileType = sourcecode.swift; path = LaunchScreenView.swift; sourceTree = "<group>"; };
		3DB36FF12D98046E003D8E4A /* NamingSheet.swift */ = {isa = PBXFileReference; lastKnownFileType = sourcecode.swift; path = NamingSheet.swift; sourceTree = "<group>"; };
		3DB36FF22D98046E003D8E4A /* NetworkDiscovery.swift */ = {isa = PBXFileReference; lastKnownFileType = sourcecode.swift; path = NetworkDiscovery.swift; sourceTree = "<group>"; };
		3DB36FF32D98046E003D8E4A /* NetworkMonitor.swift */ = {isa = PBXFileReference; lastKnownFileType = sourcecode.swift; path = NetworkMonitor.swift; sourceTree = "<group>"; };
		3DB36FF42D98046E003D8E4A /* OnboardingView.swift */ = {isa = PBXFileReference; lastKnownFileType = sourcecode.swift; path = OnboardingView.swift; sourceTree = "<group>"; };
		3DB36FF52D98046E003D8E4A /* SettingsView.swift */ = {isa = PBXFileReference; lastKnownFileType = sourcecode.swift; path = SettingsView.swift; sourceTree = "<group>"; };
		3DB36FF62D98046E003D8E4A /* UploadView.swift */ = {isa = PBXFileReference; lastKnownFileType = sourcecode.swift; path = UploadView.swift; sourceTree = "<group>"; };
		3DB36FF72D98046E003D8E4A /* Utilities.swift */ = {isa = PBXFileReference; lastKnownFileType = sourcecode.swift; path = Utilities.swift; sourceTree = "<group>"; };
		3DB3700F2D98046E003D8E4B /* OCRValidator.swift */ = {isa = PBXFileReference; lastKnownFileType = sourcecode.swift; path = OCRValidator.swift; sourceTree = "<group>"; };
		3DB370122D98048A003D8E4A /* LANImageUploaderTests.swift */ = {isa = PBXFileReference; lastKnownFileType = sourcecode.swift; path = LANImageUploaderTests.swift; sourceTree = "<group>"; };
		3DB370152D980499003D8E4A /* LANImageUploaderUITests.swift */ = {isa = PBXFileReference; lastKnownFileType = sourcecode.swift; path = LANImageUploaderUITests.swift; sourceTree = "<group>"; };
		3DB370162D980499003D8E4A /* LANImageUploaderUITestsLaunchTests.swift */ = {isa = PBXFileReference; lastKnownFileType = sourcecode.swift; path = LANImageUploaderUITestsLaunchTests.swift; sourceTree = "<group>"; };
		62ACD5EB1C1841048A880FBE /* GalleryItemView.swift */ = {isa = PBXFileReference; lastKnownFileType = sourcecode.swift; path = GalleryItemView.swift; sourceTree = "<group>"; };
		742A76C63015240500B3D66F /* PrivacyInfo.xcprivacy */ = {isa = PBXFileReference; lastKnownFileType = text.xml; path = PrivacyInfo.xcprivacy; sourceTree = "<group>"; };
		8E4693CF2D6FAA9200C537C9 /* VisionKit.framework */ = {isa = PBXFileReference; lastKnownFileType = wrapper.framework; name = VisionKit.framework; path = System/Library/Frameworks/VisionKit.framework; sourceTree = SDKROOT; };
		8E4693D12D6FAA9F00C537C9 /* Vision.framework */ = {isa = PBXFileReference; lastKnownFileType = wrapper.framework; name = Vision.framework; path = System/Library/Frameworks/Vision.framework; sourceTree = SDKROOT; };
		8EC4E83C2D68B563001D57FD /* LANImageUploader.app */ = {isa = PBXFileReference; explicitFileType = wrapper.application; includeInIndex = 0; path = LANImageUploader.app; sourceTree = BUILT_PRODUCTS_DIR; };
		8EC4E84C2D68B564001D57FD /* LANImageUploaderTests.xctest */ = {isa = PBXFileReference; explicitFileType = wrapper.cfbundle; includeInIndex = 0; path = LANImageUploaderTests.xctest; sourceTree = BUILT_PRODUCTS_DIR; };
		8EC4E8562D68B564001D57FD /* LANImageUploaderUITests.xctest */ = {isa = PBXFileReference; explicitFileType = wrapper.cfbundle; includeInIndex = 0; path = LANImageUploaderUITests.xctest; sourceTree = BUILT_PRODUCTS_DIR; };
		A1F11E5E2D68B563001D57FD /* FileService.swift */ = {isa = PBXFileReference; lastKnownFileType = sourcecode.swift; path = FileService.swift; sourceTree = "<group>"; };
		A1F11E602D68B563001D57FD /* ImageUploadService.swift */ = {isa = PBXFileReference; lastKnownFileType = sourcecode.swift; path = ImageUploadService.swift; sourceTree = "<group>"; };
		A1F11E622D68B563001D57FD /* Services/FileServiceProtocol.swift */ = {isa = PBXFileReference; lastKnownFileType = sourcecode.swift; path = Services/FileServiceProtocol.swift; sourceTree = "<group>"; };
		A1F11E632D68B563001D57FD /* Services/ImageUploadServiceProtocol.swift */ = {isa = PBXFileReference; lastKnownFileType = sourcecode.swift; path = Services/ImageUploadServiceProtocol.swift; sourceTree = "<group>"; };
		A1F11E642D68B563001D57FD /* Services/NetworkDiscoveryProtocol.swift */ = {isa = PBXFileReference; lastKnownFileType = sourcecode.swift; path = Services/NetworkDiscoveryProtocol.swift; sourceTree = "<group>"; };
		A1F11E682D68B563001D57FD /* Constants.swift */ = {isa = PBXFileReference; lastKnownFileType = sourcecode.swift; path = Constants.swift; sourceTree = "<group>"; };
		A1F11E6A2D68B563001D57FD /* Services/FileActor.swift */ = {isa = PBXFileReference; lastKnownFileType = sourcecode.swift; path = Services/FileActor.swift; sourceTree = "<group>"; };
		A1F11E6C2D68B563001D57FD /* Mocks/MockFileService.swift */ = {isa = PBXFileReference; lastKnownFileType = sourcecode.swift; path = Mocks/MockFileService.swift; sourceTree = "<group>"; };
		A1F11E6D2D68B563001D57FD /* Mocks/MockImageUploadService.swift */ = {isa = PBXFileReference; lastKnownFileType = sourcecode.swift; path = Mocks/MockImageUploadService.swift; sourceTree = "<group>"; };
		A1F11E6E2D68B563001D57FD /* Mocks/MockNetworkDiscovery.swift */ = {isa = PBXFileReference; lastKnownFileType = sourcecode.swift; path = Mocks/MockNetworkDiscovery.swift; sourceTree = "<group>"; };
		A1F11E752D68B563001D57FD /* PremiumAccess.swift */ = {isa = PBXFileReference; lastKnownFileType = sourcecode.swift; path = PremiumAccess.swift; sourceTree = "<group>"; };
		A1F11E762D68B563001D57FD /* StoreKitPurchaseManager.swift */ = {isa = PBXFileReference; lastKnownFileType = sourcecode.swift; path = StoreKitPurchaseManager.swift; sourceTree = "<group>"; };
		A1F11E772D68B563001D57FD /* FullAppUnlockView.swift */ = {isa = PBXFileReference; lastKnownFileType = sourcecode.swift; path = FullAppUnlockView.swift; sourceTree = "<group>"; };
		A1F11E792D68B563001D57FD /* LANImageUploaderTests/Mocks/MockHapticFeedbackService.swift */ = {isa = PBXFileReference; lastKnownFileType = sourcecode.swift; path = LANImageUploaderTests/Mocks/MockHapticFeedbackService.swift; sourceTree = SOURCE_ROOT; };
		B9774F2F1B2748D3965BA4CC /* LANImageUploader/Services/PDFGenerationService.swift */ = {isa = PBXFileReference; lastKnownFileType = sourcecode.swift; path = LANImageUploader/Services/PDFGenerationService.swift; sourceTree = SOURCE_ROOT; };
		BB8CECC1C94B45D8BFE52199 /* GalleryModelsTests.swift */ = {isa = PBXFileReference; lastKnownFileType = sourcecode.swift; path = GalleryModelsTests.swift; sourceTree = "<group>"; };
		D2988FBC6891402F823C8784 /* UploadModels.swift */ = {isa = PBXFileReference; lastKnownFileType = sourcecode.swift; path = UploadModels.swift; sourceTree = "<group>"; };
		F5BA9FD459774EC381644C3B /* UploadableFileTests.swift */ = {isa = PBXFileReference; lastKnownFileType = sourcecode.swift; path = UploadableFileTests.swift; sourceTree = "<group>"; };
/* End PBXFileReference section */

/* Begin PBXFrameworksBuildPhase section */
		8EC4E8392D68B563001D57FD /* Frameworks */ = {
			isa = PBXFrameworksBuildPhase;
			buildActionMask = 2147483647;
			files = (
				8E4693D22D6FAA9F00C537C9 /* Vision.framework in Frameworks */,
				8E4693D02D6FAA9200C537C9 /* VisionKit.framework in Frameworks */,
				8E0F16112D6B5F2700843EEC /* AMSMB2 in Frameworks */,
			);
			runOnlyForDeploymentPostprocessing = 0;
		};
		8EC4E8492D68B564001D57FD /* Frameworks */ = {
			isa = PBXFrameworksBuildPhase;
			buildActionMask = 2147483647;
			files = (
			);
			runOnlyForDeploymentPostprocessing = 0;
		};
		8EC4E8532D68B564001D57FD /* Frameworks */ = {
			isa = PBXFrameworksBuildPhase;
			buildActionMask = 2147483647;
			files = (
			);
			runOnlyForDeploymentPostprocessing = 0;
		};
/* End PBXFrameworksBuildPhase section */

/* Begin PBXGroup section */
		3DB36FDF2D98046E003D8E4A /* Preview Content */ = {
			isa = PBXGroup;
			children = (
				3DB36FDE2D98046E003D8E4A /* Preview Assets.xcassets */,
			);
			path = "Preview Content";
			sourceTree = "<group>";
		};
		3DB36FF82D98046E003D8E4A /* LANImageUploader */ = {
			isa = PBXGroup;
			children = (
				3756349C4CC9493AB85FAAEC /* RetakeReviewSheet.swift */,
				62ACD5EB1C1841048A880FBE /* GalleryItemView.swift */,
				3BF4E97B303D4D8FB1DC4785 /* GalleryModels.swift */,
				D2988FBC6891402F823C8784 /* UploadModels.swift */,
				A1F11E752D68B563001D57FD /* PremiumAccess.swift */,
				A1F11E762D68B563001D57FD /* StoreKitPurchaseManager.swift */,
				A1F11E772D68B563001D57FD /* FullAppUnlockView.swift */,
				3DB36FE02D98046E003D8E4A /* AppBackground.swift */,
				3DB36FE12D98046E003D8E4A /* AppData.swift */,
				3DB36FE12D98046E003D8E4B /* HapticFeedbackService.swift */,
				3DB36FE12D98046E003D8E4C /* MultiSelectToolbarView.swift */,
				3DB36FE22D98046E003D8E4A /* ArchiveView.swift */,
				3DB36FE32D98046E003D8E4A /* Assets.xcassets */,
				3DB36FE42D98046E003D8E4A /* ButtonStyles.swift */,
				3DB36FE52D98046E003D8E4A /* CameraPicker.swift */,
				3DB36FE62D98046E003D8E4A /* CameraView.swift */,
				3DB36FE72D98046E003D8E4A /* FullscreenImageView.swift */,
				3DB36FE82D98046E003D8E4A /* GalleryBottomActionView.swift */,
				3DB36FE92D98046E003D8E4A /* GalleryToolbarView.swift */,
				3DB36FEA2D98046E003D8E4A /* GalleryView.swift */,
				3DB36FEB2D98046E003D8E4A /* HelpGuideView.swift */,
				3DB36FEC2D98046E003D8E4A /* HomeView.swift */,
				3DB36FEE2D98046E003D8E4A /* Info.plist */,
				3DB36FEF2D98046E003D8E4A /* LANImageUploaderApp.swift */,
				3DB36FF02D98046E003D8E4A /* LaunchScreenView.swift */,
				3DB36FF12D98046E003D8E4A /* NamingSheet.swift */,
				3DB3700F2D98046E003D8E4B /* OCRValidator.swift */,
				3DB36FF22D98046E003D8E4A /* NetworkDiscovery.swift */,
				3DB36FF32D98046E003D8E4A /* NetworkMonitor.swift */,
				3DB36FF42D98046E003D8E4A /* OnboardingView.swift */,
				3DB36FF52D98046E003D8E4A /* SettingsView.swift */,
				3DB36FF62D98046E003D8E4A /* UploadView.swift */,
				3DB36FF72D98046E003D8E4A /* Utilities.swift */,
				A1F11E5E2D68B563001D57FD /* FileService.swift */,
				A1F11E602D68B563001D57FD /* ImageUploadService.swift */,
				A1F11E622D68B563001D57FD /* Services/FileServiceProtocol.swift */,
				A1F11E632D68B563001D57FD /* Services/ImageUploadServiceProtocol.swift */,
				A1F11E642D68B563001D57FD /* Services/NetworkDiscoveryProtocol.swift */,
				A1F11E682D68B563001D57FD /* Constants.swift */,
				A1F11E6A2D68B563001D57FD /* Services/FileActor.swift */,
				3DB36FDF2D98046E003D8E4A /* Preview Content */,
			);
			path = LANImageUploader;
			sourceTree = "<group>";
		};
		3DB370132D98048A003D8E4A /* LANImageUploaderTests */ = {
			isa = PBXGroup;
			children = (
				F5BA9FD459774EC381644C3B /* UploadableFileTests.swift */,
				BB8CECC1C94B45D8BFE52199 /* GalleryModelsTests.swift */,
				3DB370122D98048A003D8E4A /* LANImageUploaderTests.swift */,
				A1F11E6C2D68B563001D57FD /* Mocks/MockFileService.swift */,
				A1F11E6D2D68B563001D57FD /* Mocks/MockImageUploadService.swift */,
				A1F11E6E2D68B563001D57FD /* Mocks/MockNetworkDiscovery.swift */,
			);
			path = LANImageUploaderTests;
			sourceTree = "<group>";
		};
		3DB370172D980499003D8E4A /* LANImageUploaderUITests */ = {
			isa = PBXGroup;
			children = (
				3DB370152D980499003D8E4A /* LANImageUploaderUITests.swift */,
				3DB370162D980499003D8E4A /* LANImageUploaderUITestsLaunchTests.swift */,
			);
			path = LANImageUploaderUITests;
			sourceTree = "<group>";
		};
		8E4693CE2D6FAA9200C537C9 /* Frameworks */ = {
			isa = PBXGroup;
			children = (
				8E4693D12D6FAA9F00C537C9 /* Vision.framework */,
				8E4693CF2D6FAA9200C537C9 /* VisionKit.framework */,
			);
			name = Frameworks;
			sourceTree = "<group>";
		};
		8EC4E8332D68B563001D57FD = {
			isa = PBXGroup;
			children = (
				3DB36FF82D98046E003D8E4A /* LANImageUploader */,
				3DB370172D980499003D8E4A /* LANImageUploaderUITests */,
				3DB370132D98048A003D8E4A /* LANImageUploaderTests */,
				8E4693CE2D6FAA9200C537C9 /* Frameworks */,
				8EC4E83D2D68B563001D57FD /* Products */,
				D8A0E5832FC3066800332814 /* Recovered References */,
				742A76C63015240500B3D66F /* PrivacyInfo.xcprivacy */,
			);
			sourceTree = "<group>";
		};
		8EC4E83D2D68B563001D57FD /* Products */ = {
			isa = PBXGroup;
			children = (
				8EC4E83C2D68B563001D57FD /* LANImageUploader.app */,
				8EC4E84C2D68B564001D57FD /* LANImageUploaderTests.xctest */,
				8EC4E8562D68B564001D57FD /* LANImageUploaderUITests.xctest */,
			);
			name = Products;
			sourceTree = "<group>";
		};
		D8A0E5832FC3066800332814 /* Recovered References */ = {
			isa = PBXGroup;
			children = (
				B9774F2F1B2748D3965BA4CC /* LANImageUploader/Services/PDFGenerationService.swift */,
				0C025A1826F64444B44CD995 /* LANImageUploader/Services/PDFGenerationServiceProtocol.swift */,
				A1F11E792D68B563001D57FD /* LANImageUploaderTests/Mocks/MockHapticFeedbackService.swift */,
			);
			name = "Recovered References";
			sourceTree = "<group>";
		};
/* End PBXGroup section */

/* Begin PBXNativeTarget section */
		8EC4E83B2D68B563001D57FD /* LANImageUploader */ = {
			isa = PBXNativeTarget;
			buildConfigurationList = 8EC4E8602D68B564001D57FD /* Build configuration list for PBXNativeTarget "LANImageUploader" */;
			buildPhases = (
				8EC4E8382D68B563001D57FD /* Sources */,
				8EC4E8392D68B563001D57FD /* Frameworks */,
				8EC4E83A2D68B563001D57FD /* Resources */,
				8E0F16132D6B5F5200843EEC /* Embed Frameworks */,
			);
			buildRules = (
			);
			dependencies = (
			);
			name = LANImageUploader;
			packageProductDependencies = (
				8E0F16102D6B5F2700843EEC /* AMSMB2 */,
			);
			productName = LANImageUploader;
			productReference = 8EC4E83C2D68B563001D57FD /* LANImageUploader.app */;
			productType = "com.apple.product-type.application";
		};
		8EC4E84B2D68B564001D57FD /* LANImageUploaderTests */ = {
			isa = PBXNativeTarget;
			buildConfigurationList = 8EC4E8632D68B564001D57FD /* Build configuration list for PBXNativeTarget "LANImageUploaderTests" */;
			buildPhases = (
				8EC4E8482D68B564001D57FD /* Sources */,
				8EC4E8492D68B564001D57FD /* Frameworks */,
				8EC4E84A2D68B564001D57FD /* Resources */,
			);
			buildRules = (
			);
			dependencies = (
				8EC4E84E2D68B564001D57FD /* PBXTargetDependency */,
			);
			name = LANImageUploaderTests;
			packageProductDependencies = (
			);
			productName = LANImageUploaderTests;
			productReference = 8EC4E84C2D68B564001D57FD /* LANImageUploaderTests.xctest */;
			productType = "com.apple.product-type.bundle.unit-test";
		};
		8EC4E8552D68B564001D57FD /* LANImageUploaderUITests */ = {
			isa = PBXNativeTarget;
			buildConfigurationList = 8EC4E8662D68B564001D57FD /* Build configuration list for PBXNativeTarget "LANImageUploaderUITests" */;
			buildPhases = (
				8EC4E8522D68B564001D57FD /* Sources */,
				8EC4E8532D68B564001D57FD /* Frameworks */,
				8EC4E8542D68B564001D57FD /* Resources */,
			);
			buildRules = (
			);
			dependencies = (
				8EC4E8582D68B564001D57FD /* PBXTargetDependency */,
			);
			name = LANImageUploaderUITests;
			packageProductDependencies = (
			);
			productName = LANImageUploaderUITests;
			productReference = 8EC4E8562D68B564001D57FD /* LANImageUploaderUITests.xctest */;
			productType = "com.apple.product-type.bundle.ui-testing";
		};
/* End PBXNativeTarget section */

/* Begin PBXProject section */
		8EC4E8342D68B563001D57FD /* Project object */ = {
			isa = PBXProject;
			attributes = {
				BuildIndependentTargetsInParallel = 1;
				LastSwiftUpdateCheck = 1620;
				LastUpgradeCheck = 1630;
				TargetAttributes = {
					8EC4E83B2D68B563001D57FD = {
						CreatedOnToolsVersion = 16.2;
					};
					8EC4E84B2D68B564001D57FD = {
						CreatedOnToolsVersion = 16.2;
						TestTargetID = 8EC4E83B2D68B563001D57FD;
					};
					8EC4E8552D68B564001D57FD = {
						CreatedOnToolsVersion = 16.2;
						TestTargetID = 8EC4E83B2D68B563001D57FD;
					};
				};
			};
			buildConfigurationList = 8EC4E8372D68B563001D57FD /* Build configuration list for PBXProject "LANImageUploader" */;
			developmentRegion = en;
			hasScannedForEncodings = 0;
			knownRegions = (
				en,
				Base,
			);
			mainGroup = 8EC4E8332D68B563001D57FD;
			minimizedProjectReferenceProxies = 1;
			packageReferences = (
				8E0F160F2D6B5F2700843EEC /* XCRemoteSwiftPackageReference "AMSMB2" */,
			);
			preferredProjectObjectVersion = 77;
			productRefGroup = 8EC4E83D2D68B563001D57FD /* Products */;
			projectDirPath = "";
			projectRoot = "";
			targets = (
				8EC4E83B2D68B563001D57FD /* LANImageUploader */,
				8EC4E84B2D68B564001D57FD /* LANImageUploaderTests */,
				8EC4E8552D68B564001D57FD /* LANImageUploaderUITests */,
			);
		};
/* End PBXProject section */

/* Begin PBXResourcesBuildPhase section */
		8EC4E83A2D68B563001D57FD /* Resources */ = {
			isa = PBXResourcesBuildPhase;
			buildActionMask = 2147483647;
			files = (
				742A76C73015240500B3D66F /* PrivacyInfo.xcprivacy in Resources */,
				3DB36FFA2D98046E003D8E4A /* Assets.xcassets in Resources */,
				3DB36FFB2D98046E003D8E4A /* Preview Assets.xcassets in Resources */,
			);
			runOnlyForDeploymentPostprocessing = 0;
		};
		8EC4E84A2D68B564001D57FD /* Resources */ = {
			isa = PBXResourcesBuildPhase;
			buildActionMask = 2147483647;
			files = (
			);
			runOnlyForDeploymentPostprocessing = 0;
		};
		8EC4E8542D68B564001D57FD /* Resources */ = {
			isa = PBXResourcesBuildPhase;
			buildActionMask = 2147483647;
			files = (
			);
			runOnlyForDeploymentPostprocessing = 0;
		};
/* End PBXResourcesBuildPhase section */

/* Begin PBXSourcesBuildPhase section */
		8EC4E8382D68B563001D57FD /* Sources */ = {
			isa = PBXSourcesBuildPhase;
			buildActionMask = 2147483647;
			files = (
				D84A039256B548319427DEA1 /* RetakeReviewSheet.swift in Sources */,
				3D654402CB464B2380CC254F /* GalleryItemView.swift in Sources */,
				FB48E70D3A754C519AC58099 /* LANImageUploader/Services/PDFGenerationService.swift in Sources */,
				3292ECE475AE44A4996C6122 /* LANImageUploader/Services/PDFGenerationServiceProtocol.swift in Sources */,
				03C6AA7041574C2C9FF1916D /* GalleryModels.swift in Sources */,
				5EA1443F24F74F18AE377E9E /* UploadModels.swift in Sources */,
				A1F11E722D68B563001D57FD /* PremiumAccess.swift in Sources */,
				A1F11E732D68B563001D57FD /* StoreKitPurchaseManager.swift in Sources */,
				A1F11E742D68B563001D57FD /* FullAppUnlockView.swift in Sources */,
				3DB36FFC2D98046E003D8E4A /* HomeView.swift in Sources */,
				3DB36FFD2D98046E003D8E4A /* CameraPicker.swift in Sources */,
				3DB36FFE2D98046E003D8E4A /* AppBackground.swift in Sources */,
				3DB36FFF2D98046E003D8E4A /* GalleryView.swift in Sources */,
				3DB370002D98046E003D8E4A /* ButtonStyles.swift in Sources */,
				3DB370012D98046E003D8E4A /* GalleryBottomActionView.swift in Sources */,
				3DB370022D98046E003D8E4A /* AppData.swift in Sources */,
				3DB370022D98046E003D8E4B /* HapticFeedbackService.swift in Sources */,
				3DB370022D98046E003D8E4C /* MultiSelectToolbarView.swift in Sources */,
				3DB370032D98046E003D8E4A /* OnboardingView.swift in Sources */,
				3DB370042D98046E003D8E4A /* CameraView.swift in Sources */,
				3DB370052D98046E003D8E4A /* NetworkDiscovery.swift in Sources */,
				3DB370062D98046E003D8E4A /* ArchiveView.swift in Sources */,
				3DB370072D98046E003D8E4A /* GalleryToolbarView.swift in Sources */,
				3DB370082D98046E003D8E4A /* LaunchScreenView.swift in Sources */,
				3DB370092D98046E003D8E4A /* FullscreenImageView.swift in Sources */,
				3DB3700A2D98046E003D8E4A /* LANImageUploaderApp.swift in Sources */,
				3DB3700B2D98046E003D8E4A /* HelpGuideView.swift in Sources */,
				3DB3700C2D98046E003D8E4A /* Utilities.swift in Sources */,
				3DB3700D2D98046E003D8E4A /* UploadView.swift in Sources */,
				3DB3700E2D98046E003D8E4A /* NamingSheet.swift in Sources */,
				3DB3700F2D98046E003D8E4A /* OCRValidator.swift in Sources */,
				3DB3700F2D98046E003D8E4C /* NetworkMonitor.swift in Sources */,
				3DB370112D98046E003D8E4A /* SettingsView.swift in Sources */,
				A1F11E5F2D68B563001D57FD /* FileService.swift in Sources */,
				A1F11E612D68B563001D57FD /* ImageUploadService.swift in Sources */,
				A1F11E652D68B563001D57FD /* Services/FileServiceProtocol.swift in Sources */,
				A1F11E662D68B563001D57FD /* Services/ImageUploadServiceProtocol.swift in Sources */,
				A1F11E672D68B563001D57FD /* Services/NetworkDiscoveryProtocol.swift in Sources */,
				A1F11E692D68B563001D57FD /* Constants.swift in Sources */,
				A1F11E6B2D68B563001D57FD /* Services/FileActor.swift in Sources */,
			);
			runOnlyForDeploymentPostprocessing = 0;
		};
		8EC4E8482D68B564001D57FD /* Sources */ = {
			isa = PBXSourcesBuildPhase;
			buildActionMask = 2147483647;
			files = (
				3DB370142D98048A003D8E4A /* LANImageUploaderTests.swift in Sources */,
				A1F11E6F2D68B563001D57FD /* Mocks/MockFileService.swift in Sources */,
				A1F11E702D68B563001D57FD /* Mocks/MockImageUploadService.swift in Sources */,
				A1F11E712D68B563001D57FD /* Mocks/MockNetworkDiscovery.swift in Sources */,
				A1F11E782D68B563001D57FD /* LANImageUploaderTests/Mocks/MockHapticFeedbackService.swift in Sources */,
			);
			runOnlyForDeploymentPostprocessing = 0;
		};
		8EC4E8522D68B564001D57FD /* Sources */ = {
			isa = PBXSourcesBuildPhase;
			buildActionMask = 2147483647;
			files = (
				3DB370182D980499003D8E4A /* LANImageUploaderUITestsLaunchTests.swift in Sources */,
				3DB370192D980499003D8E4A /* LANImageUploaderUITests.swift in Sources */,
			);
			runOnlyForDeploymentPostprocessing = 0;
		};
/* End PBXSourcesBuildPhase section */

/* Begin PBXTargetDependency section */
		8EC4E84E2D68B564001D57FD /* PBXTargetDependency */ = {
			isa = PBXTargetDependency;
			target = 8EC4E83B2D68B563001D57FD /* LANImageUploader */;
			targetProxy = 8EC4E84D2D68B564001D57FD /* PBXContainerItemProxy */;
		};
		8EC4E8582D68B564001D57FD /* PBXTargetDependency */ = {
			isa = PBXTargetDependency;
			target = 8EC4E83B2D68B563001D57FD /* LANImageUploader */;
			targetProxy = 8EC4E8572D68B564001D57FD /* PBXContainerItemProxy */;
		};
/* End PBXTargetDependency section */

/* Begin XCBuildConfiguration section */
		8EC4E85E2D68B564001D57FD /* Debug */ = {
			isa = XCBuildConfiguration;
			buildSettings = {
				ALWAYS_SEARCH_USER_PATHS = NO;
				ASSETCATALOG_COMPILER_GENERATE_SWIFT_ASSET_SYMBOL_EXTENSIONS = YES;
				CLANG_ANALYZER_NONNULL = YES;
				CLANG_ANALYZER_NUMBER_OBJECT_CONVERSION = YES_AGGRESSIVE;
				CLANG_CXX_LANGUAGE_STANDARD = "gnu++20";
				CLANG_ENABLE_MODULES = YES;
				CLANG_ENABLE_OBJC_ARC = YES;
				CLANG_ENABLE_OBJC_WEAK = YES;
				CLANG_WARN_BLOCK_CAPTURE_AUTORELEASING = YES;
				CLANG_WARN_BOOL_CONVERSION = YES;
				CLANG_WARN_COMMA = YES;
				CLANG_WARN_CONSTANT_CONVERSION = YES;
				CLANG_WARN_DEPRECATED_OBJC_IMPLEMENTATIONS = YES;
				CLANG_WARN_DIRECT_OBJC_ISA_USAGE = YES_ERROR;
				CLANG_WARN_DOCUMENTATION_COMMENTS = YES;
				CLANG_WARN_EMPTY_BODY = YES;
				CLANG_WARN_ENUM_CONVERSION = YES;
				CLANG_WARN_INFINITE_RECURSION = YES;
				CLANG_WARN_INT_CONVERSION = YES;
				CLANG_WARN_NON_LITERAL_NULL_CONVERSION = YES;
				CLANG_WARN_OBJC_IMPLICIT_RETAIN_SELF = YES;
				CLANG_WARN_OBJC_LITERAL_CONVERSION = YES;
				CLANG_WARN_OBJC_ROOT_CLASS = YES_ERROR;
				CLANG_WARN_QUOTED_INCLUDE_IN_FRAMEWORK_HEADER = YES;
				CLANG_WARN_RANGE_LOOP_ANALYSIS = YES;
				CLANG_WARN_STRICT_PROTOTYPES = YES;
				CLANG_WARN_SUSPICIOUS_MOVE = YES;
				CLANG_WARN_UNGUARDED_AVAILABILITY = YES_AGGRESSIVE;
				CLANG_WARN_UNREACHABLE_CODE = YES;
				CLANG_WARN__DUPLICATE_METHOD_MATCH = YES;
				COPY_PHASE_STRIP = NO;
				DEBUG_INFORMATION_FORMAT = dwarf;
				DEVELOPMENT_TEAM = ARQN5UD84L;
				ENABLE_STRICT_OBJC_MSGSEND = YES;
				ENABLE_TESTABILITY = YES;
				ENABLE_USER_SCRIPT_SANDBOXING = YES;
				GCC_C_LANGUAGE_STANDARD = gnu17;
				GCC_DYNAMIC_NO_PIC = NO;
				GCC_NO_COMMON_BLOCKS = YES;
				GCC_OPTIMIZATION_LEVEL = 0;
				GCC_PREPROCESSOR_DEFINITIONS = (
					"DEBUG=1",
					"$(inherited)",
				);
				GCC_WARN_64_TO_32_BIT_CONVERSION = YES;
				GCC_WARN_ABOUT_RETURN_TYPE = YES_ERROR;
				GCC_WARN_UNDECLARED_SELECTOR = YES;
				GCC_WARN_UNINITIALIZED_AUTOS = YES_AGGRESSIVE;
				GCC_WARN_UNUSED_FUNCTION = YES;
				GCC_WARN_UNUSED_VARIABLE = YES;
				IPHONEOS_DEPLOYMENT_TARGET = 26.0;
				LOCALIZATION_PREFERS_STRING_CATALOGS = YES;
				MTL_ENABLE_DEBUG_INFO = INCLUDE_SOURCE;
				MTL_FAST_MATH = YES;
				ONLY_ACTIVE_ARCH = YES;
				SDKROOT = iphoneos;
				SWIFT_ACTIVE_COMPILATION_CONDITIONS = "DEBUG $(inherited)";
				SWIFT_OPTIMIZATION_LEVEL = "-Onone";
			};
			name = Debug;
		};
		8EC4E85F2D68B564001D57FD /* Release */ = {
			isa = XCBuildConfiguration;
			buildSettings = {
				ALWAYS_SEARCH_USER_PATHS = NO;
				ASSETCATALOG_COMPILER_GENERATE_SWIFT_ASSET_SYMBOL_EXTENSIONS = YES;
				CLANG_ANALYZER_NONNULL = YES;
				CLANG_ANALYZER_NUMBER_OBJECT_CONVERSION = YES_AGGRESSIVE;
				CLANG_CXX_LANGUAGE_STANDARD = "gnu++20";
				CLANG_ENABLE_MODULES = YES;
				CLANG_ENABLE_OBJC_ARC = YES;
				CLANG_ENABLE_OBJC_WEAK = YES;
				CLANG_WARN_BLOCK_CAPTURE_AUTORELEASING = YES;
				CLANG_WARN_BOOL_CONVERSION = YES;
				CLANG_WARN_COMMA = YES;
				CLANG_WARN_CONSTANT_CONVERSION = YES;
				CLANG_WARN_DEPRECATED_OBJC_IMPLEMENTATIONS = YES;
				CLANG_WARN_DIRECT_OBJC_ISA_USAGE = YES_ERROR;
				CLANG_WARN_DOCUMENTATION_COMMENTS = YES;
				CLANG_WARN_EMPTY_BODY = YES;
				CLANG_WARN_ENUM_CONVERSION = YES;
				CLANG_WARN_INFINITE_RECURSION = YES;
				CLANG_WARN_INT_CONVERSION = YES;
				CLANG_WARN_NON_LITERAL_NULL_CONVERSION = YES;
				CLANG_WARN_OBJC_IMPLICIT_RETAIN_SELF = YES;
				CLANG_WARN_OBJC_LITERAL_CONVERSION = YES;
				CLANG_WARN_OBJC_ROOT_CLASS = YES_ERROR;
				CLANG_WARN_QUOTED_INCLUDE_IN_FRAMEWORK_HEADER = YES;
				CLANG_WARN_RANGE_LOOP_ANALYSIS = YES;
				CLANG_WARN_STRICT_PROTOTYPES = YES;
				CLANG_WARN_SUSPICIOUS_MOVE = YES;
				CLANG_WARN_UNGUARDED_AVAILABILITY = YES_AGGRESSIVE;
				CLANG_WARN_UNREACHABLE_CODE = YES;
				CLANG_WARN__DUPLICATE_METHOD_MATCH = YES;
				COPY_PHASE_STRIP = NO;
				DEBUG_INFORMATION_FORMAT = "dwarf-with-dsym";
				DEVELOPMENT_TEAM = ARQN5UD84L;
				ENABLE_NS_ASSERTIONS = NO;
				ENABLE_STRICT_OBJC_MSGSEND = YES;
				ENABLE_USER_SCRIPT_SANDBOXING = YES;
				GCC_C_LANGUAGE_STANDARD = gnu17;
				GCC_NO_COMMON_BLOCKS = YES;
				GCC_WARN_64_TO_32_BIT_CONVERSION = YES;
				GCC_WARN_ABOUT_RETURN_TYPE = YES_ERROR;
				GCC_WARN_UNDECLARED_SELECTOR = YES;
				GCC_WARN_UNINITIALIZED_AUTOS = YES_AGGRESSIVE;
				GCC_WARN_UNUSED_FUNCTION = YES;
				GCC_WARN_UNUSED_VARIABLE = YES;
				IPHONEOS_DEPLOYMENT_TARGET = 26.0;
				LOCALIZATION_PREFERS_STRING_CATALOGS = YES;
				MTL_ENABLE_DEBUG_INFO = NO;
				MTL_FAST_MATH = YES;
				SDKROOT = iphoneos;
				SWIFT_COMPILATION_MODE = wholemodule;
				VALIDATE_PRODUCT = YES;
			};
			name = Release;
		};
		8EC4E8612D68B564001D57FD /* Debug */ = {
			isa = XCBuildConfiguration;
			buildSettings = {
				ASSETCATALOG_COMPILER_APPICON_NAME = AppIcon;
				ASSETCATALOG_COMPILER_GLOBAL_ACCENT_COLOR_NAME = AccentColor;
				ASSETCATALOG_COMPILER_INCLUDE_ALL_APPICON_ASSETS = YES;
				CODE_SIGN_IDENTITY = "Apple Development";
				CODE_SIGN_STYLE = Automatic;
				CURRENT_PROJECT_VERSION = 65;
				DEVELOPMENT_ASSET_PATHS = "\"LANImageUploader/Preview Content\"";
				DEVELOPMENT_TEAM = ARQN5UD84L;
				ENABLE_PREVIEWS = YES;
				GENERATE_INFOPLIST_FILE = YES;
				INFOPLIST_FILE = LANImageUploader/Info.plist;
				INFOPLIST_KEY_CFBundleDisplayName = LensBridge;
				INFOPLIST_KEY_LSApplicationCategoryType = "public.app-category.utilities";
				INFOPLIST_KEY_UIApplicationSceneManifest_Generation = YES;
				INFOPLIST_KEY_UIApplicationSupportsIndirectInputEvents = YES;
				INFOPLIST_KEY_UILaunchScreen_Generation = YES;
				INFOPLIST_KEY_UISupportedInterfaceOrientations_iPad = "UIInterfaceOrientationPortrait UIInterfaceOrientationPortraitUpsideDown UIInterfaceOrientationLandscapeLeft UIInterfaceOrientationLandscapeRight";
				INFOPLIST_KEY_UISupportedInterfaceOrientations_iPhone = "UIInterfaceOrientationPortrait UIInterfaceOrientationLandscapeLeft UIInterfaceOrientationLandscapeRight";
				IPHONEOS_DEPLOYMENT_TARGET = 26.0;
				LD_RUNPATH_SEARCH_PATHS = (
					"$(inherited)",
					"@executable_path/Frameworks",
				);
				MARKETING_VERSION = 1.59;
				PRODUCT_BUNDLE_IDENTIFIER = com.janhagenclausen.LANImageUploader;
				PRODUCT_NAME = "$(TARGET_NAME)";
				PROVISIONING_PROFILE_SPECIFIER = "";
				SUPPORTED_PLATFORMS = "iphoneos iphonesimulator";
				SUPPORTS_MACCATALYST = NO;
				SUPPORTS_MAC_DESIGNED_FOR_IPHONE_IPAD = NO;
				SUPPORTS_XR_DESIGNED_FOR_IPHONE_IPAD = NO;
				SWIFT_EMIT_LOC_STRINGS = YES;
				SWIFT_VERSION = 5.0;
				TARGETED_DEVICE_FAMILY = "1,2";
			};
			name = Debug;
		};
		8EC4E8622D68B564001D57FD /* Release */ = {
			isa = XCBuildConfiguration;
			buildSettings = {
				ASSETCATALOG_COMPILER_APPICON_NAME = AppIcon;
				ASSETCATALOG_COMPILER_GLOBAL_ACCENT_COLOR_NAME = AccentColor;
				ASSETCATALOG_COMPILER_INCLUDE_ALL_APPICON_ASSETS = YES;
				CODE_SIGN_IDENTITY = "Apple Development";
				CODE_SIGN_STYLE = Manual;
				CURRENT_PROJECT_VERSION = 65;
				DEVELOPMENT_ASSET_PATHS = "\"LANImageUploader/Preview Content\"";
				DEVELOPMENT_TEAM = ARQN5UD84L;
				ENABLE_PREVIEWS = YES;
				GENERATE_INFOPLIST_FILE = YES;
				INFOPLIST_FILE = LANImageUploader/Info.plist;
				INFOPLIST_KEY_CFBundleDisplayName = LensBridge;
				INFOPLIST_KEY_LSApplicationCategoryType = "public.app-category.utilities";
				INFOPLIST_KEY_UIApplicationSceneManifest_Generation = YES;
				INFOPLIST_KEY_UIApplicationSupportsIndirectInputEvents = YES;
				INFOPLIST_KEY_UILaunchScreen_Generation = YES;
				INFOPLIST_KEY_UISupportedInterfaceOrientations_iPad = "UIInterfaceOrientationPortrait UIInterfaceOrientationPortraitUpsideDown UIInterfaceOrientationLandscapeLeft UIInterfaceOrientationLandscapeRight";
				INFOPLIST_KEY_UISupportedInterfaceOrientations_iPhone = "UIInterfaceOrientationPortrait UIInterfaceOrientationLandscapeLeft UIInterfaceOrientationLandscapeRight";
				IPHONEOS_DEPLOYMENT_TARGET = 26.0;
				LD_RUNPATH_SEARCH_PATHS = (
					"$(inherited)",
					"@executable_path/Frameworks",
				);
				MARKETING_VERSION = 1.59;
				PRODUCT_BUNDLE_IDENTIFIER = com.janhagenclausen.LANImageUploader;
				PRODUCT_NAME = "$(TARGET_NAME)";
				PROVISIONING_PROFILE_SPECIFIER = "";
				SUPPORTED_PLATFORMS = "iphoneos iphonesimulator";
				SUPPORTS_MACCATALYST = NO;
				SUPPORTS_MAC_DESIGNED_FOR_IPHONE_IPAD = NO;
				SUPPORTS_XR_DESIGNED_FOR_IPHONE_IPAD = NO;
				SWIFT_EMIT_LOC_STRINGS = YES;
				SWIFT_VERSION = 5.0;
				TARGETED_DEVICE_FAMILY = "1,2";
			};
			name = Release;
		};
		8EC4E8642D68B564001D57FD /* Debug */ = {
			isa = XCBuildConfiguration;
			buildSettings = {
				BUNDLE_LOADER = "$(TEST_HOST)";
				CODE_SIGN_STYLE = Automatic;
				CURRENT_PROJECT_VERSION = 1;
				GENERATE_INFOPLIST_FILE = YES;
				IPHONEOS_DEPLOYMENT_TARGET = 26.0;
				MARKETING_VERSION = 1.0;
				PRODUCT_BUNDLE_IDENTIFIER = jhc.LANImageUploaderTests;
				PRODUCT_NAME = "$(TARGET_NAME)";
				SWIFT_EMIT_LOC_STRINGS = NO;
				SWIFT_VERSION = 5.0;
				TARGETED_DEVICE_FAMILY = "1,2";
				TEST_HOST = "$(BUILT_PRODUCTS_DIR)/LANImageUploader.app/$(BUNDLE_EXECUTABLE_FOLDER_PATH)/LANImageUploader";
			};
			name = Debug;
		};
		8EC4E8652D68B564001D57FD /* Release */ = {
			isa = XCBuildConfiguration;
			buildSettings = {
				BUNDLE_LOADER = "$(TEST_HOST)";
				CODE_SIGN_STYLE = Automatic;
				CURRENT_PROJECT_VERSION = 1;
				GENERATE_INFOPLIST_FILE = YES;
				IPHONEOS_DEPLOYMENT_TARGET = 26.0;
				MARKETING_VERSION = 1.0;
				PRODUCT_BUNDLE_IDENTIFIER = jhc.LANImageUploaderTests;
				PRODUCT_NAME = "$(TARGET_NAME)";
				SWIFT_EMIT_LOC_STRINGS = NO;
				SWIFT_VERSION = 5.0;
				TARGETED_DEVICE_FAMILY = "1,2";
				TEST_HOST = "$(BUILT_PRODUCTS_DIR)/LANImageUploader.app/$(BUNDLE_EXECUTABLE_FOLDER_PATH)/LANImageUploader";
			};
			name = Release;
		};
		8EC4E8672D68B564001D57FD /* Debug */ = {
			isa = XCBuildConfiguration;
			buildSettings = {
				CODE_SIGN_STYLE = Automatic;
				CURRENT_PROJECT_VERSION = 1;
				GENERATE_INFOPLIST_FILE = YES;
				IPHONEOS_DEPLOYMENT_TARGET = 26.0;
				MARKETING_VERSION = 1.0;
				PRODUCT_BUNDLE_IDENTIFIER = jhc.LANImageUploaderUITests;
				PRODUCT_NAME = "$(TARGET_NAME)";
				SWIFT_EMIT_LOC_STRINGS = NO;
				SWIFT_VERSION = 5.0;
				TARGETED_DEVICE_FAMILY = "1,2";
				TEST_TARGET_NAME = LANImageUploader;
			};
			name = Debug;
		};
		8EC4E8682D68B564001D57FD /* Release */ = {
			isa = XCBuildConfiguration;
			buildSettings = {
				CODE_SIGN_STYLE = Automatic;
				CURRENT_PROJECT_VERSION = 1;
				GENERATE_INFOPLIST_FILE = YES;
				IPHONEOS_DEPLOYMENT_TARGET = 26.0;
				MARKETING_VERSION = 1.0;
				PRODUCT_BUNDLE_IDENTIFIER = jhc.LANImageUploaderUITests;
				PRODUCT_NAME = "$(TARGET_NAME)";
				SWIFT_EMIT_LOC_STRINGS = NO;
				SWIFT_VERSION = 5.0;
				TARGETED_DEVICE_FAMILY = "1,2";
				TEST_TARGET_NAME = LANImageUploader;
			};
			name = Release;
		};
/* End XCBuildConfiguration section */

/* Begin XCConfigurationList section */
		8EC4E8372D68B563001D57FD /* Build configuration list for PBXProject "LANImageUploader" */ = {
			isa = XCConfigurationList;
			buildConfigurations = (
				8EC4E85E2D68B564001D57FD /* Debug */,
				8EC4E85F2D68B564001D57FD /* Release */,
			);
			defaultConfigurationIsVisible = 0;
			defaultConfigurationName = Release;
		};
		8EC4E8602D68B564001D57FD /* Build configuration list for PBXNativeTarget "LANImageUploader" */ = {
			isa = XCConfigurationList;
			buildConfigurations = (
				8EC4E8612D68B564001D57FD /* Debug */,
				8EC4E8622D68B564001D57FD /* Release */,
			);
			defaultConfigurationIsVisible = 0;
			defaultConfigurationName = Release;
		};
		8EC4E8632D68B564001D57FD /* Build configuration list for PBXNativeTarget "LANImageUploaderTests" */ = {
			isa = XCConfigurationList;
			buildConfigurations = (
				8EC4E8642D68B564001D57FD /* Debug */,
				8EC4E8652D68B564001D57FD /* Release */,
			);
			defaultConfigurationIsVisible = 0;
			defaultConfigurationName = Release;
		};
		8EC4E8662D68B564001D57FD /* Build configuration list for PBXNativeTarget "LANImageUploaderUITests" */ = {
			isa = XCConfigurationList;
			buildConfigurations = (
				8EC4E8672D68B564001D57FD /* Debug */,
				8EC4E8682D68B564001D57FD /* Release */,
			);
			defaultConfigurationIsVisible = 0;
			defaultConfigurationName = Release;
		};
/* End XCConfigurationList section */

/* Begin XCRemoteSwiftPackageReference section */
		8E0F160F2D6B5F2700843EEC /* XCRemoteSwiftPackageReference "AMSMB2" */ = {
			isa = XCRemoteSwiftPackageReference;
			repositoryURL = "https://github.com/amosavian/AMSMB2.git";
			requirement = {
				kind = upToNextMajorVersion;
				minimumVersion = 4.0.1;
			};
		};
/* End XCRemoteSwiftPackageReference section */

/* Begin XCSwiftPackageProductDependency section */
		8E0F16102D6B5F2700843EEC /* AMSMB2 */ = {
			isa = XCSwiftPackageProductDependency;
			package = 8E0F160F2D6B5F2700843EEC /* XCRemoteSwiftPackageReference "AMSMB2" */;
			productName = AMSMB2;
		};
/* End XCSwiftPackageProductDependency section */
	};
	rootObject = 8EC4E8342D68B563001D57FD /* Project object */;
}
